
Microsoft Visual Studio Solution File, Format Version 12.00
# Visual Studio Version 16
VisualStudioVersion = 25.0.1700.0
MinimumVisualStudioVersion = 10.0.40219.1
Project("{FAE04EC0-301F-11D3-BF4B-00C04F79EFBC}") = "StoreFront.Web", "StoreFront.Web\StoreFront.Web.csproj", "{477799DF-1D98-4313-9AA9-A138A7F3487E}"
EndProject
Project("{FAE04EC0-301F-11D3-BF4B-00C04F79EFBC}") = "StoreFront.Domain", "StoreFront.Domain\StoreFront.Domain.csproj", "{7C0CD83B-B603-4442-8562-24F623A435CF}"
EndProject
Project("{FAE04EC0-301F-11D3-BF4B-00C04F79EFBC}") = "StoreFront.Domain.Test", "StoreFront.Domain.Test\StoreFront.Domain.Test.csproj", "{284C7B19-6C97-4112-8DE0-6A0D45CEF9D6}"
EndProject
Project("{FAE04EC0-301F-11D3-BF4B-00C04F79EFBC}") = "StoreFront.Repository", "StoreFront.Repository\StoreFront.Repository.csproj", "{0B4D007A-C571-4CF8-9EC6-A26C5A5B53C7}"
EndProject
Project("{FAE04EC0-301F-11D3-BF4B-00C04F79EFBC}") = "StoreFront.Services", "StoreFront.Services\StoreFront.Services.csproj", "{A74AC40D-35A8-44CC-8BA4-20509060055B}"
EndProject
Global
	GlobalSection(SolutionConfigurationPlatforms) = preSolution
		Debug|Any CPU = Debug|Any CPU
		Release|Any CPU = Release|Any CPU
	EndGlobalSection
	GlobalSection(ProjectConfigurationPlatforms) = postSolution
		{477799DF-1D98-4313-9AA9-A138A7F3487E}.Debug|Any CPU.ActiveCfg = Debug|Any CPU
		{477799DF-1D98-4313-9AA9-A138A7F3487E}.Debug|Any CPU.Build.0 = Debug|Any CPU
		{477799DF-1D98-4313-9AA9-A138A7F3487E}.Release|Any CPU.ActiveCfg = Release|Any CPU
		{477799DF-1D98-4313-9AA9-A138A7F3487E}.Release|Any CPU.Build.0 = Release|Any CPU
		{7C0CD83B-B603-4442-8562-24F623A435CF}.Debug|Any CPU.ActiveCfg = Debug|Any CPU
		{7C0CD83B-B603-4442-8562-24F623A435CF}.Debug|Any CPU.Build.0 = Debug|Any CPU
		{7C0CD83B-B603-4442-8562-24F623A435CF}.Release|Any CPU.ActiveCfg = Release|Any CPU
		{7C0CD83B-B603-4442-8562-24F623A435CF}.Release|Any CPU.Build.0 = Release|Any CPU
		{284C7B19-6C97-4112-8DE0-6A0D45CEF9D6}.Debug|Any CPU.ActiveCfg = Debug|Any CPU
		{284C7B19-6C97-4112-8DE0-6A0D45CEF9D6}.Debug|Any CPU.Build.0 = Debug|Any CPU
		{284C7B19-6C97-4112-8DE0-6A0D45CEF9D6}.Release|Any CPU.ActiveCfg = Release|Any CPU
		{284C7B19-6C97-4112-8DE0-6A0D45CEF9D6}.Release|Any CPU.Build.0 = Release|Any CPU
		{0B4D007A-C571-4CF8-9EC6-A26C5A5B53C7}.Debug|Any CPU.ActiveCfg = Debug|Any CPU
		{0B4D007A-C571-4CF8-9EC6-A26C5A5B53C7}.Debug|Any CPU.Build.0 = Debug|Any CPU
		{0B4D007A-C571-4CF8-9EC6-A26C5A5B53C7}.Release|Any CPU.ActiveCfg = Release|Any CPU
		{0B4D007A-C571-4CF8-9EC6-A26C5A5B53C7}.Release|Any CPU.Build.0 = Release|Any CPU
		{A74AC40D-35A8-44CC-8BA4-20509060055B}.Debug|Any CPU.ActiveCfg = Debug|Any CPU
		{A74AC40D-35A8-44CC-8BA4-20509060055B}.Debug|Any CPU.Build.0 = Debug|Any CPU
		{A74AC40D-35A8-44CC-8BA4-20509060055B}.Release|Any CPU.ActiveCfg = Release|Any CPU
		{A74AC40D-35A8-44CC-8BA4-20509060055B}.Release|Any CPU.Build.0 = Release|Any CPU
	EndGlobalSection
	GlobalSection(SolutionProperties) = preSolution
		HideSolutionNode = FALSE
	EndGlobalSection
	GlobalSection(ExtensibilityGlobals) = postSolution
		SolutionGuid = {B3C2A968-2C83-4007-BD95-810B2733322A}
	EndGlobalSection
EndGlobal
